
Microsoft Visual Studio Solution File, Format Version 12.00
# Visual Studio Version 16
VisualStudioVersion = 16.0.30204.135
MinimumVisualStudioVersion = 10.0.40219.1
Project("{9A19103F-16F7-4668-BE54-9A1E7A4F7556}") = "scorecard-web", "scorecard-web\scorecard-web.csproj", "{5F3BA125-7674-462D-86C6-713D2D0D1000}"
EndProject
Global
	GlobalSection(SolutionConfigurationPlatforms) = preSolution
		Debug|Any CPU = Debug|Any CPU
		Release|Any CPU = Release|Any CPU
	EndGlobalSection
	GlobalSection(ProjectConfigurationPlatforms) = postSolution
		{5F3BA125-7674-462D-86C6-713D2D0D1000}.Debug|Any CPU.ActiveCfg = Debug|Any CPU
		{5F3BA125-7674-462D-86C6-713D2D0D1000}.Debug|Any CPU.Build.0 = Debug|Any CPU
		{5F3BA125-7674-462D-86C6-713D2D0D1000}.Release|Any CPU.ActiveCfg = Release|Any CPU
		{5F3BA125-7674-462D-86C6-713D2D0D1000}.Release|Any CPU.Build.0 = Release|Any CPU
	EndGlobalSection
	GlobalSection(SolutionProperties) = preSolution
		HideSolutionNode = FALSE
	EndGlobalSection
	GlobalSection(ExtensibilityGlobals) = postSolution
		SolutionGuid = {DF6BDC6D-116D-4E6C-997D-C13A20A02F95}
	EndGlobalSection
EndGlobal
